// !$*UTF8*$!
{
	archiveVersion = 1;
	classes = {
	};
	objectVersion = 51;
	objects = {

/* Begin PBXBuildFile section */
		DF930DE723B7AB1F00CE1DF1 /* AppDelegate.swift in Sources */ = {isa = PBXBuildFile; fileRef = DF930DE623B7AB1F00CE1DF1 /* AppDelegate.swift */; };
		DF930DE923B7AB1F00CE1DF1 /* SceneDelegate.swift in Sources */ = {isa = PBXBuildFile; fileRef = DF930DE823B7AB1F00CE1DF1 /* SceneDelegate.swift */; };
		DF930DEB23B7AB1F00CE1DF1 /* ViewController.swift in Sources */ = {isa = PBXBuildFile; fileRef = DF930DEA23B7AB1F00CE1DF1 /* ViewController.swift */; };
		DF930DEE23B7AB1F00CE1DF1 /* Main.storyboard in Resources */ = {isa = PBXBuildFile; fileRef = DF930DEC23B7AB1F00CE1DF1 /* Main.storyboard */; };
		DF930DF023B7AB2300CE1DF1 /* Assets.xcassets in Resources */ = {isa = PBXBuildFile; fileRef = DF930DEF23B7AB2300CE1DF1 /* Assets.xcassets */; };
		DF930DF323B7AB2300CE1DF1 /* LaunchScreen.storyboard in Resources */ = {isa = PBXBuildFile; fileRef = DF930DF123B7AB2300CE1DF1 /* LaunchScreen.storyboard */; };
		DF930DFC23B7AC1900CE1DF1 /* SkeletonTableViewCell.swift in Sources */ = {isa = PBXBuildFile; fileRef = DF930DFA23B7AC1900CE1DF1 /* SkeletonTableViewCell.swift */; };
		DF930DFD23B7AC1900CE1DF1 /* SkeletonTableViewCell.xib in Resources */ = {isa = PBXBuildFile; fileRef = DF930DFB23B7AC1900CE1DF1 /* SkeletonTableViewCell.xib */; };
		DF930E0023B7AD4600CE1DF1 /* ProductDescriptionCell.swift in Sources */ = {isa = PBXBuildFile; fileRef = DF930DFE23B7AD4600CE1DF1 /* ProductDescriptionCell.swift */; };
		DF930E0123B7AD4600CE1DF1 /* ProductDescriptionCell.xib in Resources */ = {isa = PBXBuildFile; fileRef = DF930DFF23B7AD4600CE1DF1 /* ProductDescriptionCell.xib */; };
		DF930E0423B7AE9D00CE1DF1 /* SliderCell.swift in Sources */ = {isa = PBXBuildFile; fileRef = DF930E0223B7AE9D00CE1DF1 /* SliderCell.swift */; };
		DF930E0523B7AE9D00CE1DF1 /* SliderCell.xib in Resources */ = {isa = PBXBuildFile; fileRef = DF930E0323B7AE9D00CE1DF1 /* SliderCell.xib */; };
		E33BF8B2290AD8B39BA64792 /* Pods_SkeletonTest.framework in Frameworks */ = {isa = PBXBuildFile; fileRef = 596F68346ABB6079734AED1E /* Pods_SkeletonTest.framework */; };
/* End PBXBuildFile section */

/* Begin PBXFileReference section */
		596F68346ABB6079734AED1E /* Pods_SkeletonTest.framework */ = {isa = PBXFileReference; explicitFileType = wrapper.framework; includeInIndex = 0; path = Pods_SkeletonTest.framework; sourceTree = BUILT_PRODUCTS_DIR; };
		7AA7FB32EB9409C5484C5DD9 /* Pods-SkeletonTest.release.xcconfig */ = {isa = PBXFileReference; includeInIndex = 1; lastKnownFileType = text.xcconfig; name = "Pods-SkeletonTest.release.xcconfig"; path = "Target Support Files/Pods-SkeletonTest/Pods-SkeletonTest.release.xcconfig"; sourceTree = "<group>"; };
		C4F1BE1D8189659D658D291B /* Pods-SkeletonTest.debug.xcconfig */ = {isa = PBXFileReference; includeInIndex = 1; lastKnownFileType = text.xcconfig; name = "Pods-SkeletonTest.debug.xcconfig"; path = "Target Support Files/Pods-SkeletonTest/Pods-SkeletonTest.debug.xcconfig"; sourceTree = "<group>"; };
		DF930DE323B7AB1F00CE1DF1 /* SkeletonTest.app */ = {isa = PBXFileReference; explicitFileType = wrapper.application; includeInIndex = 0; path = SkeletonTest.app; sourceTree = BUILT_PRODUCTS_DIR; };
		DF930DE623B7AB1F00CE1DF1 /* AppDelegate.swift */ = {isa = PBXFileReference; lastKnownFileType = sourcecode.swift; path = AppDelegate.swift; sourceTree = "<group>"; };
		DF930DE823B7AB1F00CE1DF1 /* SceneDelegate.swift */ = {isa = PBXFileReference; lastKnownFileType = sourcecode.swift; path = SceneDelegate.swift; sourceTree = "<group>"; };
		DF930DEA23B7AB1F00CE1DF1 /* ViewController.swift */ = {isa = PBXFileReference; lastKnownFileType = sourcecode.swift; path = ViewController.swift; sourceTree = "<group>"; };
		DF930DED23B7AB1F00CE1DF1 /* Base */ = {isa = PBXFileReference; lastKnownFileType = file.storyboard; name = Base; path = Base.lproj/Main.storyboard; sourceTree = "<group>"; };
		DF930DEF23B7AB2300CE1DF1 /* Assets.xcassets */ = {isa = PBXFileReference; lastKnownFileType = folder.assetcatalog; path = Assets.xcassets; sourceTree = "<group>"; };
		DF930DF223B7AB2300CE1DF1 /* Base */ = {isa = PBXFileReference; lastKnownFileType = file.storyboard; name = Base; path = Base.lproj/LaunchScreen.storyboard; sourceTree = "<group>"; };
		DF930DF423B7AB2300CE1DF1 /* Info.plist */ = {isa = PBXFileReference; lastKnownFileType = text.plist.xml; path = Info.plist; sourceTree = "<group>"; };
		DF930DFA23B7AC1900CE1DF1 /* SkeletonTableViewCell.swift */ = {isa = PBXFileReference; lastKnownFileType = sourcecode.swift; path = SkeletonTableViewCell.swift; sourceTree = "<group>"; };
		DF930DFB23B7AC1900CE1DF1 /* SkeletonTableViewCell.xib */ = {isa = PBXFileReference; lastKnownFileType = file.xib; path = SkeletonTableViewCell.xib; sourceTree = "<group>"; };
		DF930DFE23B7AD4600CE1DF1 /* ProductDescriptionCell.swift */ = {isa = PBXFileReference; fileEncoding = 4; lastKnownFileType = sourcecode.swift; path = ProductDescriptionCell.swift; sourceTree = "<group>"; };
		DF930DFF23B7AD4600CE1DF1 /* ProductDescriptionCell.xib */ = {isa = PBXFileReference; fileEncoding = 4; lastKnownFileType = file.xib; path = ProductDescriptionCell.xib; sourceTree = "<group>"; };
		DF930E0223B7AE9D00CE1DF1 /* SliderCell.swift */ = {isa = PBXFileReference; lastKnownFileType = sourcecode.swift; path = SliderCell.swift; sourceTree = "<group>"; };
		DF930E0323B7AE9D00CE1DF1 /* SliderCell.xib */ = {isa = PBXFileReference; lastKnownFileType = file.xib; path = SliderCell.xib; sourceTree = "<group>"; };
/* End PBXFileReference section */

/* Begin PBXFrameworksBuildPhase section */
		DF930DE023B7AB1F00CE1DF1 /* Frameworks */ = {
			isa = PBXFrameworksBuildPhase;
			buildActionMask = 2147483647;
			files = (
				E33BF8B2290AD8B39BA64792 /* Pods_SkeletonTest.framework in Frameworks */,
			);
			runOnlyForDeploymentPostprocessing = 0;
		};
/* End PBXFrameworksBuildPhase section */

/* Begin PBXGroup section */
		4F6C9EE2F42001A2773E7F25 /* Frameworks */ = {
			isa = PBXGroup;
			children = (
				596F68346ABB6079734AED1E /* Pods_SkeletonTest.framework */,
			);
			name = Frameworks;
			sourceTree = "<group>";
		};
		DF930DDA23B7AB1F00CE1DF1 = {
			isa = PBXGroup;
			children = (
				DF930DE523B7AB1F00CE1DF1 /* SkeletonTest */,
				DF930DE423B7AB1F00CE1DF1 /* Products */,
				F799F778ABE45635535A822B /* Pods */,
				4F6C9EE2F42001A2773E7F25 /* Frameworks */,
			);
			sourceTree = "<group>";
		};
		DF930DE423B7AB1F00CE1DF1 /* Products */ = {
			isa = PBXGroup;
			children = (
				DF930DE323B7AB1F00CE1DF1 /* SkeletonTest.app */,
			);
			name = Products;
			sourceTree = "<group>";
		};
		DF930DE523B7AB1F00CE1DF1 /* SkeletonTest */ = {
			isa = PBXGroup;
			children = (
				DF930DE623B7AB1F00CE1DF1 /* AppDelegate.swift */,
				DF930DE823B7AB1F00CE1DF1 /* SceneDelegate.swift */,
				DF930DEA23B7AB1F00CE1DF1 /* ViewController.swift */,
				DF930DFF23B7AD4600CE1DF1 /* ProductDescriptionCell.xib */,
				DF930DFE23B7AD4600CE1DF1 /* ProductDescriptionCell.swift */,
				DF930DEC23B7AB1F00CE1DF1 /* Main.storyboard */,
				DF930DEF23B7AB2300CE1DF1 /* Assets.xcassets */,
				DF930DF123B7AB2300CE1DF1 /* LaunchScreen.storyboard */,
				DF930DF423B7AB2300CE1DF1 /* Info.plist */,
				DF930DFA23B7AC1900CE1DF1 /* SkeletonTableViewCell.swift */,
				DF930DFB23B7AC1900CE1DF1 /* SkeletonTableViewCell.xib */,
				DF930E0223B7AE9D00CE1DF1 /* SliderCell.swift */,
				DF930E0323B7AE9D00CE1DF1 /* SliderCell.xib */,
			);
			path = SkeletonTest;
			sourceTree = "<group>";
		};
		F799F778ABE45635535A822B /* Pods */ = {
			isa = PBXGroup;
			children = (
				C4F1BE1D8189659D658D291B /* Pods-SkeletonTest.debug.xcconfig */,
				7AA7FB32EB9409C5484C5DD9 /* Pods-SkeletonTest.release.xcconfig */,
			);
			path = Pods;
			sourceTree = "<group>";
		};
/* End PBXGroup section */

/* Begin PBXNativeTarget section */
		DF930DE223B7AB1F00CE1DF1 /* SkeletonTest */ = {
			isa = PBXNativeTarget;
			buildConfigurationList = DF930DF723B7AB2300CE1DF1 /* Build configuration list for PBXNativeTarget "SkeletonTest" */;
			buildPhases = (
				8657635F4EE2805D25E521C6 /* [CP] Check Pods Manifest.lock */,
				DF930DDF23B7AB1F00CE1DF1 /* Sources */,
				DF930DE023B7AB1F00CE1DF1 /* Frameworks */,
				DF930DE123B7AB1F00CE1DF1 /* Resources */,
				CFF3354A76F2E3D1F582E7D6 /* [CP] Embed Pods Frameworks */,
			);
			buildRules = (
			);
			dependencies = (
			);
			name = SkeletonTest;
			productName = SkeletonTest;
			productReference = DF930DE323B7AB1F00CE1DF1 /* SkeletonTest.app */;
			productType = "com.apple.product-type.application";
		};
/* End PBXNativeTarget section */

/* Begin PBXProject section */
		DF930DDB23B7AB1F00CE1DF1 /* Project object */ = {
			isa = PBXProject;
			attributes = {
				LastSwiftUpdateCheck = 1120;
				LastUpgradeCheck = 1120;
				ORGANIZATIONNAME = "Sujin Chaichanamongkol";
				TargetAttributes = {
					DF930DE223B7AB1F00CE1DF1 = {
						CreatedOnToolsVersion = 11.2.1;
					};
				};
			};
			buildConfigurationList = DF930DDE23B7AB1F00CE1DF1 /* Build configuration list for PBXProject "SkeletonTest" */;
			compatibilityVersion = "Xcode 9.3";
			developmentRegion = en;
			hasScannedForEncodings = 0;
			knownRegions = (
				en,
				Base,
			);
			mainGroup = DF930DDA23B7AB1F00CE1DF1;
			productRefGroup = DF930DE423B7AB1F00CE1DF1 /* Products */;
			projectDirPath = "";
			projectRoot = "";
			targets = (
				DF930DE223B7AB1F00CE1DF1 /* SkeletonTest */,
			);
		};
/* End PBXProject section */

/* Begin PBXResourcesBuildPhase section */
		DF930DE123B7AB1F00CE1DF1 /* Resources */ = {
			isa = PBXResourcesBuildPhase;
			buildActionMask = 2147483647;
			files = (
				DF930E0523B7AE9D00CE1DF1 /* SliderCell.xib in Resources */,
				DF930DF323B7AB2300CE1DF1 /* LaunchScreen.storyboard in Resources */,
				DF930DF023B7AB2300CE1DF1 /* Assets.xcassets in Resources */,
				DF930DFD23B7AC1900CE1DF1 /* SkeletonTableViewCell.xib in Resources */,
				DF930DEE23B7AB1F00CE1DF1 /* Main.storyboard in Resources */,
				DF930E0123B7AD4600CE1DF1 /* ProductDescriptionCell.xib in Resources */,
			);
			runOnlyForDeploymentPostprocessing = 0;
		};
/* End PBXResourcesBuildPhase section */

/* Begin PBXShellScriptBuildPhase section */
		8657635F4EE2805D25E521C6 /* [CP] Check Pods Manifest.lock */ = {
			isa = PBXShellScriptBuildPhase;
			buildActionMask = 2147483647;
			files = (
			);
			inputFileListPaths = (
			);
			inputPaths = (
				"${PODS_PODFILE_DIR_PATH}/Podfile.lock",
				"${PODS_ROOT}/Manifest.lock",
			);
			name = "[CP] Check Pods Manifest.lock";
			outputFileListPaths = (
			);
			outputPaths = (
				"$(DERIVED_FILE_DIR)/Pods-SkeletonTest-checkManifestLockResult.txt",
			);
			runOnlyForDeploymentPostprocessing = 0;
			shellPath = /bin/sh;
			shellScript = "diff \"${PODS_PODFILE_DIR_PATH}/Podfile.lock\" \"${PODS_ROOT}/Manifest.lock\" > /dev/null\nif [ $? != 0 ] ; then\n    # print error to STDERR\n    echo \"error: The sandbox is not in sync with the Podfile.lock. Run 'pod install' or update your CocoaPods installation.\" >&2\n    exit 1\nfi\n# This output is used by Xcode 'outputs' to avoid re-running this script phase.\necho \"SUCCESS\" > \"${SCRIPT_OUTPUT_FILE_0}\"\n";
			showEnvVarsInLog = 0;
		};
		CFF3354A76F2E3D1F582E7D6 /* [CP] Embed Pods Frameworks */ = {
			isa = PBXShellScriptBuildPhase;
			buildActionMask = 2147483647;
			files = (
			);
			inputFileListPaths = (
				"${PODS_ROOT}/Target Support Files/Pods-SkeletonTest/Pods-SkeletonTest-frameworks-${CONFIGURATION}-input-files.xcfilelist",
			);
			name = "[CP] Embed Pods Frameworks";
			outputFileListPaths = (
				"${PODS_ROOT}/Target Support Files/Pods-SkeletonTest/Pods-SkeletonTest-frameworks-${CONFIGURATION}-output-files.xcfilelist",
			);
			runOnlyForDeploymentPostprocessing = 0;
			shellPath = /bin/sh;
			shellScript = "\"${PODS_ROOT}/Target Support Files/Pods-SkeletonTest/Pods-SkeletonTest-frameworks.sh\"\n";
			showEnvVarsInLog = 0;
		};
/* End PBXShellScriptBuildPhase section */

/* Begin PBXSourcesBuildPhase section */
		DF930DDF23B7AB1F00CE1DF1 /* Sources */ = {
			isa = PBXSourcesBuildPhase;
			buildActionMask = 2147483647;
			files = (
				DF930DEB23B7AB1F00CE1DF1 /* ViewController.swift in Sources */,
				DF930E0023B7AD4600CE1DF1 /* ProductDescriptionCell.swift in Sources */,
				DF930DE723B7AB1F00CE1DF1 /* AppDelegate.swift in Sources */,
				DF930DFC23B7AC1900CE1DF1 /* SkeletonTableViewCell.swift in Sources */,
				DF930E0423B7AE9D00CE1DF1 /* SliderCell.swift in Sources */,
				DF930DE923B7AB1F00CE1DF1 /* SceneDelegate.swift in Sources */,
			);
			runOnlyForDeploymentPostprocessing = 0;
		};
/* End PBXSourcesBuildPhase section */

/* Begin PBXVariantGroup section */
		DF930DEC23B7AB1F00CE1DF1 /* Main.storyboard */ = {
			isa = PBXVariantGroup;
			children = (
				DF930DED23B7AB1F00CE1DF1 /* Base */,
			);
			name = Main.storyboard;
			sourceTree = "<group>";
		};
		DF930DF123B7AB2300CE1DF1 /* LaunchScreen.storyboard */ = {
			isa = PBXVariantGroup;
			children = (
				DF930DF223B7AB2300CE1DF1 /* Base */,
			);
			name = LaunchScreen.storyboard;
			sourceTree = "<group>";
		};
/* End PBXVariantGroup section */

/* Begin XCBuildConfiguration section */
		DF930DF523B7AB2300CE1DF1 /* Debug */ = {
			isa = XCBuildConfiguration;
			buildSettings = {
				ALWAYS_SEARCH_USER_PATHS = NO;
				CLANG_ANALYZER_NONNULL = YES;
				CLANG_ANALYZER_NUMBER_OBJECT_CONVERSION = YES_AGGRESSIVE;
				CLANG_CXX_LANGUAGE_STANDARD = "gnu++14";
				CLANG_CXX_LIBRARY = "libc++";
				CLANG_ENABLE_MODULES = YES;
				CLANG_ENABLE_OBJC_ARC = YES;
				CLANG_ENABLE_OBJC_WEAK = YES;
				CLANG_WARN_BLOCK_CAPTURE_AUTORELEASING = YES;
				CLANG_WARN_BOOL_CONVERSION = YES;
				CLANG_WARN_COMMA = YES;
				CLANG_WARN_CONSTANT_CONVERSION = YES;
				CLANG_WARN_DEPRECATED_OBJC_IMPLEMENTATIONS = YES;
				CLANG_WARN_DIRECT_OBJC_ISA_USAGE = YES_ERROR;
				CLANG_WARN_DOCUMENTATION_COMMENTS = YES;
				CLANG_WARN_EMPTY_BODY = YES;
				CLANG_WARN_ENUM_CONVERSION = YES;
				CLANG_WARN_INFINITE_RECURSION = YES;
				CLANG_WARN_INT_CONVERSION = YES;
				CLANG_WARN_NON_LITERAL_NULL_CONVERSION = YES;
				CLANG_WARN_OBJC_IMPLICIT_RETAIN_SELF = YES;
				CLANG_WARN_OBJC_LITERAL_CONVERSION = YES;
				CLANG_WARN_OBJC_ROOT_CLASS = YES_ERROR;
				CLANG_WARN_RANGE_LOOP_ANALYSIS = YES;
				CLANG_WARN_STRICT_PROTOTYPES = YES;
				CLANG_WARN_SUSPICIOUS_MOVE = YES;
				CLANG_WARN_UNGUARDED_AVAILABILITY = YES_AGGRESSIVE;
				CLANG_WARN_UNREACHABLE_CODE = YES;
				CLANG_WARN__DUPLICATE_METHOD_MATCH = YES;
				COPY_PHASE_STRIP = NO;
				DEBUG_INFORMATION_FORMAT = dwarf;
				ENABLE_STRICT_OBJC_MSGSEND = YES;
				ENABLE_TESTABILITY = YES;
				GCC_C_LANGUAGE_STANDARD = gnu11;
				GCC_DYNAMIC_NO_PIC = NO;
				GCC_NO_COMMON_BLOCKS = YES;
				GCC_OPTIMIZATION_LEVEL = 0;
				GCC_PREPROCESSOR_DEFINITIONS = (
					"DEBUG=1",
					"$(inherited)",
				);
				GCC_WARN_64_TO_32_BIT_CONVERSION = YES;
				GCC_WARN_ABOUT_RETURN_TYPE = YES_ERROR;
				GCC_WARN_UNDECLARED_SELECTOR = YES;
				GCC_WARN_UNINITIALIZED_AUTOS = YES_AGGRESSIVE;
				GCC_WARN_UNUSED_FUNCTION = YES;
				GCC_WARN_UNUSED_VARIABLE = YES;
				IPHONEOS_DEPLOYMENT_TARGET = 13.2;
				MTL_ENABLE_DEBUG_INFO = INCLUDE_SOURCE;
				MTL_FAST_MATH = YES;
				ONLY_ACTIVE_ARCH = YES;
				SDKROOT = iphoneos;
				SWIFT_ACTIVE_COMPILATION_CONDITIONS = DEBUG;
				SWIFT_OPTIMIZATION_LEVEL = "-Onone";
			};
			name = Debug;
		};
		DF930DF623B7AB2300CE1DF1 /* Release */ = {
			isa = XCBuildConfiguration;
			buildSettings = {
				ALWAYS_SEARCH_USER_PATHS = NO;
				CLANG_ANALYZER_NONNULL = YES;
				CLANG_ANALYZER_NUMBER_OBJECT_CONVERSION = YES_AGGRESSIVE;
				CLANG_CXX_LANGUAGE_STANDARD = "gnu++14";
				CLANG_CXX_LIBRARY = "libc++";
				CLANG_ENABLE_MODULES = YES;
				CLANG_ENABLE_OBJC_ARC = YES;
				CLANG_ENABLE_OBJC_WEAK = YES;
				CLANG_WARN_BLOCK_CAPTURE_AUTORELEASING = YES;
				CLANG_WARN_BOOL_CONVERSION = YES;
				CLANG_WARN_COMMA = YES;
				CLANG_WARN_CONSTANT_CONVERSION = YES;
				CLANG_WARN_DEPRECATED_OBJC_IMPLEMENTATIONS = YES;
				CLANG_WARN_DIRECT_OBJC_ISA_USAGE = YES_ERROR;
				CLANG_WARN_DOCUMENTATION_COMMENTS = YES;
				CLANG_WARN_EMPTY_BODY = YES;
				CLANG_WARN_ENUM_CONVERSION = YES;
				CLANG_WARN_INFINITE_RECURSION = YES;
				CLANG_WARN_INT_CONVERSION = YES;
				CLANG_WARN_NON_LITERAL_NULL_CONVERSION = YES;
				CLANG_WARN_OBJC_IMPLICIT_RETAIN_SELF = YES;
				CLANG_WARN_OBJC_LITERAL_CONVERSION = YES;
				CLANG_WARN_OBJC_ROOT_CLASS = YES_ERROR;
				CLANG_WARN_RANGE_LOOP_ANALYSIS = YES;
				CLANG_WARN_STRICT_PROTOTYPES = YES;
				CLANG_WARN_SUSPICIOUS_MOVE = YES;
				CLANG_WARN_UNGUARDED_AVAILABILITY = YES_AGGRESSIVE;
				CLANG_WARN_UNREACHABLE_CODE = YES;
				CLANG_WARN__DUPLICATE_METHOD_MATCH = YES;
				COPY_PHASE_STRIP = NO;
				DEBUG_INFORMATION_FORMAT = "dwarf-with-dsym";
				ENABLE_NS_ASSERTIONS = NO;
				ENABLE_STRICT_OBJC_MSGSEND = YES;
				GCC_C_LANGUAGE_STANDARD = gnu11;
				GCC_NO_COMMON_BLOCKS = YES;
				GCC_WARN_64_TO_32_BIT_CONVERSION = YES;
				GCC_WARN_ABOUT_RETURN_TYPE = YES_ERROR;
				GCC_WARN_UNDECLARED_SELECTOR = YES;
				GCC_WARN_UNINITIALIZED_AUTOS = YES_AGGRESSIVE;
				GCC_WARN_UNUSED_FUNCTION = YES;
				GCC_WARN_UNUSED_VARIABLE = YES;
				IPHONEOS_DEPLOYMENT_TARGET = 13.2;
				MTL_ENABLE_DEBUG_INFO = NO;
				MTL_FAST_MATH = YES;
				SDKROOT = iphoneos;
				SWIFT_COMPILATION_MODE = wholemodule;
				SWIFT_OPTIMIZATION_LEVEL = "-O";
				VALIDATE_PRODUCT = YES;
			};
			name = Release;
		};
		DF930DF823B7AB2300CE1DF1 /* Debug */ = {
			isa = XCBuildConfiguration;
			baseConfigurationReference = C4F1BE1D8189659D658D291B /* Pods-SkeletonTest.debug.xcconfig */;
			buildSettings = {
				ASSETCATALOG_COMPILER_APPICON_NAME = AppIcon;
				CODE_SIGN_STYLE = Automatic;
				INFOPLIST_FILE = SkeletonTest/Info.plist;
				LD_RUNPATH_SEARCH_PATHS = (
					"$(inherited)",
					"@executable_path/Frameworks",
				);
				PRODUCT_BUNDLE_IDENTIFIER = com.skeleton.test.SkeletonTest;
				PRODUCT_NAME = "$(TARGET_NAME)";
				SWIFT_VERSION = 5.0;
				TARGETED_DEVICE_FAMILY = "1,2";
			};
			name = Debug;
		};
		DF930DF923B7AB2300CE1DF1 /* Release */ = {
			isa = XCBuildConfiguration;
			baseConfigurationReference = 7AA7FB32EB9409C5484C5DD9 /* Pods-SkeletonTest.release.xcconfig */;
			buildSettings = {
				ASSETCATALOG_COMPILER_APPICON_NAME = AppIcon;
				CODE_SIGN_STYLE = Automatic;
				INFOPLIST_FILE = SkeletonTest/Info.plist;
				LD_RUNPATH_SEARCH_PATHS = (
					"$(inherited)",
					"@executable_path/Frameworks",
				);
				PRODUCT_BUNDLE_IDENTIFIER = com.skeleton.test.SkeletonTest;
				PRODUCT_NAME = "$(TARGET_NAME)";
				SWIFT_VERSION = 5.0;
				TARGETED_DEVICE_FAMILY = "1,2";
			};
			name = Release;
		};
/* End XCBuildConfiguration section */

/* Begin XCConfigurationList section */
		DF930DDE23B7AB1F00CE1DF1 /* Build configuration list for PBXProject "SkeletonTest" */ = {
			isa = XCConfigurationList;
			buildConfigurations = (
				DF930DF523B7AB2300CE1DF1 /* Debug */,
				DF930DF623B7AB2300CE1DF1 /* Release */,
			);
			defaultConfigurationIsVisible = 0;
			defaultConfigurationName = Release;
		};
		DF930DF723B7AB2300CE1DF1 /* Build configuration list for PBXNativeTarget "SkeletonTest" */ = {
			isa = XCConfigurationList;
			buildConfigurations = (
				DF930DF823B7AB2300CE1DF1 /* Debug */,
				DF930DF923B7AB2300CE1DF1 /* Release */,
			);
			defaultConfigurationIsVisible = 0;
			defaultConfigurationName = Release;
		};
/* End XCConfigurationList section */
	};
	rootObject = DF930DDB23B7AB1F00CE1DF1 /* Project object */;
}
